
Microsoft Visual Studio Solution File, Format Version 12.00
# Visual Studio 15
Project("{FAE04EC0-301F-11D3-BF4B-00C04F79EFBC}") = "SteamVR", "SteamVR.csproj", "{BD651C6F-EE26-BA9E-FC2D-60CEDDD49C98}"
EndProject
Project("{FAE04EC0-301F-11D3-BF4B-00C04F79EFBC}") = "SteamVR_Actions", "SteamVR_Actions.csproj", "{689AF608-14D7-B631-64CB-8A6853D874F5}"
EndProject
Project("{FAE04EC0-301F-11D3-BF4B-00C04F79EFBC}") = "Assembly-CSharp", "Assembly-CSharp.csproj", "{7EB8293C-644D-E133-B091-012E5A83CE9B}"
EndProject
Project("{FAE04EC0-301F-11D3-BF4B-00C04F79EFBC}") = "SteamVR_Input_Editor", "SteamVR_Input_Editor.csproj", "{17D28AC7-F17C-E120-56A3-6F53F4378AE8}"
EndProject
Project("{FAE04EC0-301F-11D3-BF4B-00C04F79EFBC}") = "SteamVR_Editor", "SteamVR_Editor.csproj", "{3CAB597B-601E-7A1B-1C54-2166572C4CFF}"
EndProject
Project("{FAE04EC0-301F-11D3-BF4B-00C04F79EFBC}") = "SteamVR_Windows_EditorHelper", "SteamVR_Windows_EditorHelper.csproj", "{86EA1DC2-E9F0-C8CD-F520-00F95C7D0AFC}"
EndProject
Global
	GlobalSection(SolutionConfigurationPlatforms) = preSolution
		Debug|Any CPU = Debug|Any CPU
		Release|Any CPU = Release|Any CPU
	EndGlobalSection
	GlobalSection(ProjectConfigurationPlatforms) = postSolution
		{BD651C6F-EE26-BA9E-FC2D-60CEDDD49C98}.Debug|Any CPU.ActiveCfg = Debug|Any CPU
		{BD651C6F-EE26-BA9E-FC2D-60CEDDD49C98}.Debug|Any CPU.Build.0 = Debug|Any CPU
		{BD651C6F-EE26-BA9E-FC2D-60CEDDD49C98}.Release|Any CPU.ActiveCfg = Release|Any CPU
		{BD651C6F-EE26-BA9E-FC2D-60CEDDD49C98}.Release|Any CPU.Build.0 = Release|Any CPU
		{689AF608-14D7-B631-64CB-8A6853D874F5}.Debug|Any CPU.ActiveCfg = Debug|Any CPU
		{689AF608-14D7-B631-64CB-8A6853D874F5}.Debug|Any CPU.Build.0 = Debug|Any CPU
		{689AF608-14D7-B631-64CB-8A6853D874F5}.Release|Any CPU.ActiveCfg = Release|Any CPU
		{689AF608-14D7-B631-64CB-8A6853D874F5}.Release|Any CPU.Build.0 = Release|Any CPU
		{7EB8293C-644D-E133-B091-012E5A83CE9B}.Debug|Any CPU.ActiveCfg = Debug|Any CPU
		{7EB8293C-644D-E133-B091-012E5A83CE9B}.Debug|Any CPU.Build.0 = Debug|Any CPU
		{7EB8293C-644D-E133-B091-012E5A83CE9B}.Release|Any CPU.ActiveCfg = Release|Any CPU
		{7EB8293C-644D-E133-B091-012E5A83CE9B}.Release|Any CPU.Build.0 = Release|Any CPU
		{17D28AC7-F17C-E120-56A3-6F53F4378AE8}.Debug|Any CPU.ActiveCfg = Debug|Any CPU
		{17D28AC7-F17C-E120-56A3-6F53F4378AE8}.Debug|Any CPU.Build.0 = Debug|Any CPU
		{17D28AC7-F17C-E120-56A3-6F53F4378AE8}.Release|Any CPU.ActiveCfg = Release|Any CPU
		{17D28AC7-F17C-E120-56A3-6F53F4378AE8}.Release|Any CPU.Build.0 = Release|Any CPU
		{3CAB597B-601E-7A1B-1C54-2166572C4CFF}.Debug|Any CPU.ActiveCfg = Debug|Any CPU
		{3CAB597B-601E-7A1B-1C54-2166572C4CFF}.Debug|Any CPU.Build.0 = Debug|Any CPU
		{3CAB597B-601E-7A1B-1C54-2166572C4CFF}.Release|Any CPU.ActiveCfg = Release|Any CPU
		{3CAB597B-601E-7A1B-1C54-2166572C4CFF}.Release|Any CPU.Build.0 = Release|Any CPU
		{86EA1DC2-E9F0-C8CD-F520-00F95C7D0AFC}.Debug|Any CPU.ActiveCfg = Debug|Any CPU
		{86EA1DC2-E9F0-C8CD-F520-00F95C7D0AFC}.Debug|Any CPU.Build.0 = Debug|Any CPU
		{86EA1DC2-E9F0-C8CD-F520-00F95C7D0AFC}.Release|Any CPU.ActiveCfg = Release|Any CPU
		{86EA1DC2-E9F0-C8CD-F520-00F95C7D0AFC}.Release|Any CPU.Build.0 = Release|Any CPU
	EndGlobalSection
	GlobalSection(SolutionProperties) = preSolution
		HideSolutionNode = FALSE
	EndGlobalSection
EndGlobal
